// !$*UTF8*$!
{
	archiveVersion = 1;
	classes = {
	};
	objectVersion = 50;
	objects = {

/* Begin PBXBuildFile section */
		AAE2D936239F616000D2D4E5 /* AppDelegate.swift in Sources */ = {isa = PBXBuildFile; fileRef = AAE2D935239F616000D2D4E5 /* AppDelegate.swift */; };
		AAE2D938239F616000D2D4E5 /* SceneDelegate.swift in Sources */ = {isa = PBXBuildFile; fileRef = AAE2D937239F616000D2D4E5 /* SceneDelegate.swift */; };
		AAE2D93A239F616000D2D4E5 /* ViewController.swift in Sources */ = {isa = PBXBuildFile; fileRef = AAE2D939239F616000D2D4E5 /* ViewController.swift */; };
		AAE2D93D239F616000D2D4E5 /* Main.storyboard in Resources */ = {isa = PBXBuildFile; fileRef = AAE2D93B239F616000D2D4E5 /* Main.storyboard */; };
		AAE2D93F239F616100D2D4E5 /* Assets.xcassets in Resources */ = {isa = PBXBuildFile; fileRef = AAE2D93E239F616100D2D4E5 /* Assets.xcassets */; };
		AAE2D942239F616200D2D4E5 /* LaunchScreen.storyboard in Resources */ = {isa = PBXBuildFile; fileRef = AAE2D940239F616200D2D4E5 /* LaunchScreen.storyboard */; };
		AAE2D95223A08C4300D2D4E5 /* LanguageData.swift in Sources */ = {isa = PBXBuildFile; fileRef = AAE2D95123A08C4300D2D4E5 /* LanguageData.swift */; };
		AAE2D95423A08E2B00D2D4E5 /* AnimalData.swift in Sources */ = {isa = PBXBuildFile; fileRef = AAE2D95323A08E2B00D2D4E5 /* AnimalData.swift */; };
		AAE2D95623A08F4A00D2D4E5 /* CountryData.swift in Sources */ = {isa = PBXBuildFile; fileRef = AAE2D95523A08F4A00D2D4E5 /* CountryData.swift */; };
		AAE2D96B23A0A50900D2D4E5 /* LanguageCell.swift in Sources */ = {isa = PBXBuildFile; fileRef = AAE2D96923A0A50900D2D4E5 /* LanguageCell.swift */; };
		AAE2D96C23A0A50900D2D4E5 /* LanguageCell.xib in Resources */ = {isa = PBXBuildFile; fileRef = AAE2D96A23A0A50900D2D4E5 /* LanguageCell.xib */; };
		AAE2D96F23A0A65500D2D4E5 /* AnimalCell.swift in Sources */ = {isa = PBXBuildFile; fileRef = AAE2D96D23A0A65500D2D4E5 /* AnimalCell.swift */; };
		AAE2D97023A0A65500D2D4E5 /* AnimalCell.xib in Resources */ = {isa = PBXBuildFile; fileRef = AAE2D96E23A0A65500D2D4E5 /* AnimalCell.xib */; };
		AAE2D97623A0CC8E00D2D4E5 /* Detail.storyboard in Resources */ = {isa = PBXBuildFile; fileRef = AAE2D97523A0CC8E00D2D4E5 /* Detail.storyboard */; };
		AAE2D97823A0CCB000D2D4E5 /* DetailViewController.swift in Sources */ = {isa = PBXBuildFile; fileRef = AAE2D97723A0CCB000D2D4E5 /* DetailViewController.swift */; };
		AAE2D97A23A0D35900D2D4E5 /* DetailViewController2.swift in Sources */ = {isa = PBXBuildFile; fileRef = AAE2D97923A0D35900D2D4E5 /* DetailViewController2.swift */; };
		AAE2D97C23A0D36900D2D4E5 /* Detail2.storyboard in Resources */ = {isa = PBXBuildFile; fileRef = AAE2D97B23A0D36900D2D4E5 /* Detail2.storyboard */; };
		AAE2D98423A200DF00D2D4E5 /* PersonData.swift in Sources */ = {isa = PBXBuildFile; fileRef = AAE2D98323A200DF00D2D4E5 /* PersonData.swift */; };
		AAE2D98723A2099600D2D4E5 /* PersonCell.swift in Sources */ = {isa = PBXBuildFile; fileRef = AAE2D98523A2099600D2D4E5 /* PersonCell.swift */; };
		AAE2D98823A2099600D2D4E5 /* PersonCell.xib in Resources */ = {isa = PBXBuildFile; fileRef = AAE2D98623A2099600D2D4E5 /* PersonCell.xib */; };
/* End PBXBuildFile section */

/* Begin PBXFileReference section */
		AAE2D932239F616000D2D4E5 /* TableView Methods.app */ = {isa = PBXFileReference; explicitFileType = wrapper.application; includeInIndex = 0; path = "TableView Methods.app"; sourceTree = BUILT_PRODUCTS_DIR; };
		AAE2D935239F616000D2D4E5 /* AppDelegate.swift */ = {isa = PBXFileReference; lastKnownFileType = sourcecode.swift; path = AppDelegate.swift; sourceTree = "<group>"; };
		AAE2D937239F616000D2D4E5 /* SceneDelegate.swift */ = {isa = PBXFileReference; lastKnownFileType = sourcecode.swift; path = SceneDelegate.swift; sourceTree = "<group>"; };
		AAE2D939239F616000D2D4E5 /* ViewController.swift */ = {isa = PBXFileReference; lastKnownFileType = sourcecode.swift; path = ViewController.swift; sourceTree = "<group>"; };
		AAE2D93C239F616000D2D4E5 /* Base */ = {isa = PBXFileReference; lastKnownFileType = file.storyboard; name = Base; path = Base.lproj/Main.storyboard; sourceTree = "<group>"; };
		AAE2D93E239F616100D2D4E5 /* Assets.xcassets */ = {isa = PBXFileReference; lastKnownFileType = folder.assetcatalog; path = Assets.xcassets; sourceTree = "<group>"; };
		AAE2D941239F616200D2D4E5 /* Base */ = {isa = PBXFileReference; lastKnownFileType = file.storyboard; name = Base; path = Base.lproj/LaunchScreen.storyboard; sourceTree = "<group>"; };
		AAE2D943239F616200D2D4E5 /* Info.plist */ = {isa = PBXFileReference; lastKnownFileType = text.plist.xml; path = Info.plist; sourceTree = "<group>"; };
		AAE2D95123A08C4300D2D4E5 /* LanguageData.swift */ = {isa = PBXFileReference; lastKnownFileType = sourcecode.swift; path = LanguageData.swift; sourceTree = "<group>"; };
		AAE2D95323A08E2B00D2D4E5 /* AnimalData.swift */ = {isa = PBXFileReference; lastKnownFileType = sourcecode.swift; path = AnimalData.swift; sourceTree = "<group>"; };
		AAE2D95523A08F4A00D2D4E5 /* CountryData.swift */ = {isa = PBXFileReference; lastKnownFileType = sourcecode.swift; path = CountryData.swift; sourceTree = "<group>"; };
		AAE2D96923A0A50900D2D4E5 /* LanguageCell.swift */ = {isa = PBXFileReference; lastKnownFileType = sourcecode.swift; path = LanguageCell.swift; sourceTree = "<group>"; };
		AAE2D96A23A0A50900D2D4E5 /* LanguageCell.xib */ = {isa = PBXFileReference; lastKnownFileType = file.xib; path = LanguageCell.xib; sourceTree = "<group>"; };
		AAE2D96D23A0A65500D2D4E5 /* AnimalCell.swift */ = {isa = PBXFileReference; lastKnownFileType = sourcecode.swift; path = AnimalCell.swift; sourceTree = "<group>"; };
		AAE2D96E23A0A65500D2D4E5 /* AnimalCell.xib */ = {isa = PBXFileReference; lastKnownFileType = file.xib; path = AnimalCell.xib; sourceTree = "<group>"; };
		AAE2D97523A0CC8E00D2D4E5 /* Detail.storyboard */ = {isa = PBXFileReference; lastKnownFileType = file.storyboard; path = Detail.storyboard; sourceTree = "<group>"; };
		AAE2D97723A0CCB000D2D4E5 /* DetailViewController.swift */ = {isa = PBXFileReference; lastKnownFileType = sourcecode.swift; path = DetailViewController.swift; sourceTree = "<group>"; };
		AAE2D97923A0D35900D2D4E5 /* DetailViewController2.swift */ = {isa = PBXFileReference; lastKnownFileType = sourcecode.swift; path = DetailViewController2.swift; sourceTree = "<group>"; };
		AAE2D97B23A0D36900D2D4E5 /* Detail2.storyboard */ = {isa = PBXFileReference; lastKnownFileType = file.storyboard; path = Detail2.storyboard; sourceTree = "<group>"; };
		AAE2D98323A200DF00D2D4E5 /* PersonData.swift */ = {isa = PBXFileReference; lastKnownFileType = sourcecode.swift; path = PersonData.swift; sourceTree = "<group>"; };
		AAE2D98523A2099600D2D4E5 /* PersonCell.swift */ = {isa = PBXFileReference; lastKnownFileType = sourcecode.swift; path = PersonCell.swift; sourceTree = "<group>"; };
		AAE2D98623A2099600D2D4E5 /* PersonCell.xib */ = {isa = PBXFileReference; lastKnownFileType = file.xib; path = PersonCell.xib; sourceTree = "<group>"; };
/* End PBXFileReference section */

/* Begin PBXFrameworksBuildPhase section */
		AAE2D92F239F616000D2D4E5 /* Frameworks */ = {
			isa = PBXFrameworksBuildPhase;
			buildActionMask = 2147483647;
			files = (
			);
			runOnlyForDeploymentPostprocessing = 0;
		};
/* End PBXFrameworksBuildPhase section */

/* Begin PBXGroup section */
		AAE2D929239F616000D2D4E5 = {
			isa = PBXGroup;
			children = (
				AAE2D934239F616000D2D4E5 /* TableView Methods */,
				AAE2D933239F616000D2D4E5 /* Products */,
			);
			sourceTree = "<group>";
		};
		AAE2D933239F616000D2D4E5 /* Products */ = {
			isa = PBXGroup;
			children = (
				AAE2D932239F616000D2D4E5 /* TableView Methods.app */,
			);
			name = Products;
			sourceTree = "<group>";
		};
		AAE2D934239F616000D2D4E5 /* TableView Methods */ = {
			isa = PBXGroup;
			children = (
				AAE2D96823A0A4F500D2D4E5 /* Cell */,
				AAE2D935239F616000D2D4E5 /* AppDelegate.swift */,
				AAE2D937239F616000D2D4E5 /* SceneDelegate.swift */,
				AAE2D939239F616000D2D4E5 /* ViewController.swift */,
				AAE2D93B239F616000D2D4E5 /* Main.storyboard */,
				AAE2D93E239F616100D2D4E5 /* Assets.xcassets */,
				AAE2D940239F616200D2D4E5 /* LaunchScreen.storyboard */,
				AAE2D943239F616200D2D4E5 /* Info.plist */,
				AAE2D95123A08C4300D2D4E5 /* LanguageData.swift */,
				AAE2D95323A08E2B00D2D4E5 /* AnimalData.swift */,
				AAE2D95523A08F4A00D2D4E5 /* CountryData.swift */,
				AAE2D98323A200DF00D2D4E5 /* PersonData.swift */,
				AAE2D97523A0CC8E00D2D4E5 /* Detail.storyboard */,
				AAE2D97723A0CCB000D2D4E5 /* DetailViewController.swift */,
				AAE2D97923A0D35900D2D4E5 /* DetailViewController2.swift */,
				AAE2D97B23A0D36900D2D4E5 /* Detail2.storyboard */,
			);
			path = "TableView Methods";
			sourceTree = "<group>";
		};
		AAE2D96823A0A4F500D2D4E5 /* Cell */ = {
			isa = PBXGroup;
			children = (
				AAE2D96923A0A50900D2D4E5 /* LanguageCell.swift */,
				AAE2D96A23A0A50900D2D4E5 /* LanguageCell.xib */,
				AAE2D96D23A0A65500D2D4E5 /* AnimalCell.swift */,
				AAE2D96E23A0A65500D2D4E5 /* AnimalCell.xib */,
				AAE2D98523A2099600D2D4E5 /* PersonCell.swift */,
				AAE2D98623A2099600D2D4E5 /* PersonCell.xib */,
			);
			path = Cell;
			sourceTree = "<group>";
		};
/* End PBXGroup section */

/* Begin PBXNativeTarget section */
		AAE2D931239F616000D2D4E5 /* TableView Methods */ = {
			isa = PBXNativeTarget;
			buildConfigurationList = AAE2D946239F616200D2D4E5 /* Build configuration list for PBXNativeTarget "TableView Methods" */;
			buildPhases = (
				AAE2D92E239F616000D2D4E5 /* Sources */,
				AAE2D92F239F616000D2D4E5 /* Frameworks */,
				AAE2D930239F616000D2D4E5 /* Resources */,
			);
			buildRules = (
			);
			dependencies = (
			);
			name = "TableView Methods";
			productName = "TableView Methods";
			productReference = AAE2D932239F616000D2D4E5 /* TableView Methods.app */;
			productType = "com.apple.product-type.application";
		};
/* End PBXNativeTarget section */

/* Begin PBXProject section */
		AAE2D92A239F616000D2D4E5 /* Project object */ = {
			isa = PBXProject;
			attributes = {
				LastSwiftUpdateCheck = 1120;
				LastUpgradeCheck = 1120;
				ORGANIZATIONNAME = ouyou;
				TargetAttributes = {
					AAE2D931239F616000D2D4E5 = {
						CreatedOnToolsVersion = 11.2.1;
					};
				};
			};
			buildConfigurationList = AAE2D92D239F616000D2D4E5 /* Build configuration list for PBXProject "TableView Methods" */;
			compatibilityVersion = "Xcode 9.3";
			developmentRegion = en;
			hasScannedForEncodings = 0;
			knownRegions = (
				en,
				Base,
			);
			mainGroup = AAE2D929239F616000D2D4E5;
			productRefGroup = AAE2D933239F616000D2D4E5 /* Products */;
			projectDirPath = "";
			projectRoot = "";
			targets = (
				AAE2D931239F616000D2D4E5 /* TableView Methods */,
			);
		};
/* End PBXProject section */

/* Begin PBXResourcesBuildPhase section */
		AAE2D930239F616000D2D4E5 /* Resources */ = {
			isa = PBXResourcesBuildPhase;
			buildActionMask = 2147483647;
			files = (
				AAE2D942239F616200D2D4E5 /* LaunchScreen.storyboard in Resources */,
				AAE2D96C23A0A50900D2D4E5 /* LanguageCell.xib in Resources */,
				AAE2D97023A0A65500D2D4E5 /* AnimalCell.xib in Resources */,
				AAE2D93F239F616100D2D4E5 /* Assets.xcassets in Resources */,
				AAE2D97C23A0D36900D2D4E5 /* Detail2.storyboard in Resources */,
				AAE2D93D239F616000D2D4E5 /* Main.storyboard in Resources */,
				AAE2D98823A2099600D2D4E5 /* PersonCell.xib in Resources */,
				AAE2D97623A0CC8E00D2D4E5 /* Detail.storyboard in Resources */,
			);
			runOnlyForDeploymentPostprocessing = 0;
		};
/* End PBXResourcesBuildPhase section */

/* Begin PBXSourcesBuildPhase section */
		AAE2D92E239F616000D2D4E5 /* Sources */ = {
			isa = PBXSourcesBuildPhase;
			buildActionMask = 2147483647;
			files = (
				AAE2D98423A200DF00D2D4E5 /* PersonData.swift in Sources */,
				AAE2D97823A0CCB000D2D4E5 /* DetailViewController.swift in Sources */,
				AAE2D93A239F616000D2D4E5 /* ViewController.swift in Sources */,
				AAE2D95423A08E2B00D2D4E5 /* AnimalData.swift in Sources */,
				AAE2D95623A08F4A00D2D4E5 /* CountryData.swift in Sources */,
				AAE2D95223A08C4300D2D4E5 /* LanguageData.swift in Sources */,
				AAE2D98723A2099600D2D4E5 /* PersonCell.swift in Sources */,
				AAE2D936239F616000D2D4E5 /* AppDelegate.swift in Sources */,
				AAE2D96F23A0A65500D2D4E5 /* AnimalCell.swift in Sources */,
				AAE2D96B23A0A50900D2D4E5 /* LanguageCell.swift in Sources */,
				AAE2D97A23A0D35900D2D4E5 /* DetailViewController2.swift in Sources */,
				AAE2D938239F616000D2D4E5 /* SceneDelegate.swift in Sources */,
			);
			runOnlyForDeploymentPostprocessing = 0;
		};
/* End PBXSourcesBuildPhase section */

/* Begin PBXVariantGroup section */
		AAE2D93B239F616000D2D4E5 /* Main.storyboard */ = {
			isa = PBXVariantGroup;
			children = (
				AAE2D93C239F616000D2D4E5 /* Base */,
			);
			name = Main.storyboard;
			sourceTree = "<group>";
		};
		AAE2D940239F616200D2D4E5 /* LaunchScreen.storyboard */ = {
			isa = PBXVariantGroup;
			children = (
				AAE2D941239F616200D2D4E5 /* Base */,
			);
			name = LaunchScreen.storyboard;
			sourceTree = "<group>";
		};
/* End PBXVariantGroup section */

/* Begin XCBuildConfiguration section */
		AAE2D944239F616200D2D4E5 /* Debug */ = {
			isa = XCBuildConfiguration;
			buildSettings = {
				ALWAYS_SEARCH_USER_PATHS = NO;
				CLANG_ANALYZER_NONNULL = YES;
				CLANG_ANALYZER_NUMBER_OBJECT_CONVERSION = YES_AGGRESSIVE;
				CLANG_CXX_LANGUAGE_STANDARD = "gnu++14";
				CLANG_CXX_LIBRARY = "libc++";
				CLANG_ENABLE_MODULES = YES;
				CLANG_ENABLE_OBJC_ARC = YES;
				CLANG_ENABLE_OBJC_WEAK = YES;
				CLANG_WARN_BLOCK_CAPTURE_AUTORELEASING = YES;
				CLANG_WARN_BOOL_CONVERSION = YES;
				CLANG_WARN_COMMA = YES;
				CLANG_WARN_CONSTANT_CONVERSION = YES;
				CLANG_WARN_DEPRECATED_OBJC_IMPLEMENTATIONS = YES;
				CLANG_WARN_DIRECT_OBJC_ISA_USAGE = YES_ERROR;
				CLANG_WARN_DOCUMENTATION_COMMENTS = YES;
				CLANG_WARN_EMPTY_BODY = YES;
				CLANG_WARN_ENUM_CONVERSION = YES;
				CLANG_WARN_INFINITE_RECURSION = YES;
				CLANG_WARN_INT_CONVERSION = YES;
				CLANG_WARN_NON_LITERAL_NULL_CONVERSION = YES;
				CLANG_WARN_OBJC_IMPLICIT_RETAIN_SELF = YES;
				CLANG_WARN_OBJC_LITERAL_CONVERSION = YES;
				CLANG_WARN_OBJC_ROOT_CLASS = YES_ERROR;
				CLANG_WARN_RANGE_LOOP_ANALYSIS = YES;
				CLANG_WARN_STRICT_PROTOTYPES = YES;
				CLANG_WARN_SUSPICIOUS_MOVE = YES;
				CLANG_WARN_UNGUARDED_AVAILABILITY = YES_AGGRESSIVE;
				CLANG_WARN_UNREACHABLE_CODE = YES;
				CLANG_WARN__DUPLICATE_METHOD_MATCH = YES;
				COPY_PHASE_STRIP = NO;
				DEBUG_INFORMATION_FORMAT = dwarf;
				ENABLE_STRICT_OBJC_MSGSEND = YES;
				ENABLE_TESTABILITY = YES;
				GCC_C_LANGUAGE_STANDARD = gnu11;
				GCC_DYNAMIC_NO_PIC = NO;
				GCC_NO_COMMON_BLOCKS = YES;
				GCC_OPTIMIZATION_LEVEL = 0;
				GCC_PREPROCESSOR_DEFINITIONS = (
					"DEBUG=1",
					"$(inherited)",
				);
				GCC_WARN_64_TO_32_BIT_CONVERSION = YES;
				GCC_WARN_ABOUT_RETURN_TYPE = YES_ERROR;
				GCC_WARN_UNDECLARED_SELECTOR = YES;
				GCC_WARN_UNINITIALIZED_AUTOS = YES_AGGRESSIVE;
				GCC_WARN_UNUSED_FUNCTION = YES;
				GCC_WARN_UNUSED_VARIABLE = YES;
				IPHONEOS_DEPLOYMENT_TARGET = 13.2;
				MTL_ENABLE_DEBUG_INFO = INCLUDE_SOURCE;
				MTL_FAST_MATH = YES;
				ONLY_ACTIVE_ARCH = YES;
				SDKROOT = iphoneos;
				SWIFT_ACTIVE_COMPILATION_CONDITIONS = DEBUG;
				SWIFT_OPTIMIZATION_LEVEL = "-Onone";
			};
			name = Debug;
		};
		AAE2D945239F616200D2D4E5 /* Release */ = {
			isa = XCBuildConfiguration;
			buildSettings = {
				ALWAYS_SEARCH_USER_PATHS = NO;
				CLANG_ANALYZER_NONNULL = YES;
				CLANG_ANALYZER_NUMBER_OBJECT_CONVERSION = YES_AGGRESSIVE;
				CLANG_CXX_LANGUAGE_STANDARD = "gnu++14";
				CLANG_CXX_LIBRARY = "libc++";
				CLANG_ENABLE_MODULES = YES;
				CLANG_ENABLE_OBJC_ARC = YES;
				CLANG_ENABLE_OBJC_WEAK = YES;
				CLANG_WARN_BLOCK_CAPTURE_AUTORELEASING = YES;
				CLANG_WARN_BOOL_CONVERSION = YES;
				CLANG_WARN_COMMA = YES;
				CLANG_WARN_CONSTANT_CONVERSION = YES;
				CLANG_WARN_DEPRECATED_OBJC_IMPLEMENTATIONS = YES;
				CLANG_WARN_DIRECT_OBJC_ISA_USAGE = YES_ERROR;
				CLANG_WARN_DOCUMENTATION_COMMENTS = YES;
				CLANG_WARN_EMPTY_BODY = YES;
				CLANG_WARN_ENUM_CONVERSION = YES;
				CLANG_WARN_INFINITE_RECURSION = YES;
				CLANG_WARN_INT_CONVERSION = YES;
				CLANG_WARN_NON_LITERAL_NULL_CONVERSION = YES;
				CLANG_WARN_OBJC_IMPLICIT_RETAIN_SELF = YES;
				CLANG_WARN_OBJC_LITERAL_CONVERSION = YES;
				CLANG_WARN_OBJC_ROOT_CLASS = YES_ERROR;
				CLANG_WARN_RANGE_LOOP_ANALYSIS = YES;
				CLANG_WARN_STRICT_PROTOTYPES = YES;
				CLANG_WARN_SUSPICIOUS_MOVE = YES;
				CLANG_WARN_UNGUARDED_AVAILABILITY = YES_AGGRESSIVE;
				CLANG_WARN_UNREACHABLE_CODE = YES;
				CLANG_WARN__DUPLICATE_METHOD_MATCH = YES;
				COPY_PHASE_STRIP = NO;
				DEBUG_INFORMATION_FORMAT = "dwarf-with-dsym";
				ENABLE_NS_ASSERTIONS = NO;
				ENABLE_STRICT_OBJC_MSGSEND = YES;
				GCC_C_LANGUAGE_STANDARD = gnu11;
				GCC_NO_COMMON_BLOCKS = YES;
				GCC_WARN_64_TO_32_BIT_CONVERSION = YES;
				GCC_WARN_ABOUT_RETURN_TYPE = YES_ERROR;
				GCC_WARN_UNDECLARED_SELECTOR = YES;
				GCC_WARN_UNINITIALIZED_AUTOS = YES_AGGRESSIVE;
				GCC_WARN_UNUSED_FUNCTION = YES;
				GCC_WARN_UNUSED_VARIABLE = YES;
				IPHONEOS_DEPLOYMENT_TARGET = 13.2;
				MTL_ENABLE_DEBUG_INFO = NO;
				MTL_FAST_MATH = YES;
				SDKROOT = iphoneos;
				SWIFT_COMPILATION_MODE = wholemodule;
				SWIFT_OPTIMIZATION_LEVEL = "-O";
				VALIDATE_PRODUCT = YES;
			};
			name = Release;
		};
		AAE2D947239F616200D2D4E5 /* Debug */ = {
			isa = XCBuildConfiguration;
			buildSettings = {
				ASSETCATALOG_COMPILER_APPICON_NAME = AppIcon;
				CODE_SIGN_STYLE = Automatic;
				DEVELOPMENT_TEAM = SECCF8M6F2;
				INFOPLIST_FILE = "TableView Methods/Info.plist";
				LD_RUNPATH_SEARCH_PATHS = (
					"$(inherited)",
					"@executable_path/Frameworks",
				);
				PRODUCT_BUNDLE_IDENTIFIER = "ouyou.TableView-Methods";
				PRODUCT_NAME = "$(TARGET_NAME)";
				SWIFT_VERSION = 5.0;
				TARGETED_DEVICE_FAMILY = "1,2";
			};
			name = Debug;
		};
		AAE2D948239F616200D2D4E5 /* Release */ = {
			isa = XCBuildConfiguration;
			buildSettings = {
				ASSETCATALOG_COMPILER_APPICON_NAME = AppIcon;
				CODE_SIGN_STYLE = Automatic;
				DEVELOPMENT_TEAM = SECCF8M6F2;
				INFOPLIST_FILE = "TableView Methods/Info.plist";
				LD_RUNPATH_SEARCH_PATHS = (
					"$(inherited)",
					"@executable_path/Frameworks",
				);
				PRODUCT_BUNDLE_IDENTIFIER = "ouyou.TableView-Methods";
				PRODUCT_NAME = "$(TARGET_NAME)";
				SWIFT_VERSION = 5.0;
				TARGETED_DEVICE_FAMILY = "1,2";
			};
			name = Release;
		};
/* End XCBuildConfiguration section */

/* Begin XCConfigurationList section */
		AAE2D92D239F616000D2D4E5 /* Build configuration list for PBXProject "TableView Methods" */ = {
			isa = XCConfigurationList;
			buildConfigurations = (
				AAE2D944239F616200D2D4E5 /* Debug */,
				AAE2D945239F616200D2D4E5 /* Release */,
			);
			defaultConfigurationIsVisible = 0;
			defaultConfigurationName = Release;
		};
		AAE2D946239F616200D2D4E5 /* Build configuration list for PBXNativeTarget "TableView Methods" */ = {
			isa = XCConfigurationList;
			buildConfigurations = (
				AAE2D947239F616200D2D4E5 /* Debug */,
				AAE2D948239F616200D2D4E5 /* Release */,
			);
			defaultConfigurationIsVisible = 0;
			defaultConfigurationName = Release;
		};
/* End XCConfigurationList section */
	};
	rootObject = AAE2D92A239F616000D2D4E5 /* Project object */;
}
